// !$*UTF8*$!
{
	archiveVersion = 1;
	classes = {
	};
	objectVersion = 50;
	objects = {

/* Begin PBXBuildFile section */
		4B2A435421A5AF90002A4525 /* AppDelegate.swift in Sources */ = {isa = PBXBuildFile; fileRef = 4B2A435321A5AF90002A4525 /* AppDelegate.swift */; };
		4B2A435621A5AF90002A4525 /* ViewController.swift in Sources */ = {isa = PBXBuildFile; fileRef = 4B2A435521A5AF90002A4525 /* ViewController.swift */; };
		4B2A435921A5AF90002A4525 /* Main.storyboard in Resources */ = {isa = PBXBuildFile; fileRef = 4B2A435721A5AF90002A4525 /* Main.storyboard */; };
		4B2A435B21A5AF93002A4525 /* Assets.xcassets in Resources */ = {isa = PBXBuildFile; fileRef = 4B2A435A21A5AF93002A4525 /* Assets.xcassets */; };
		4B2A435E21A5AF93002A4525 /* LaunchScreen.storyboard in Resources */ = {isa = PBXBuildFile; fileRef = 4B2A435C21A5AF93002A4525 /* LaunchScreen.storyboard */; };
		B288A327B001AE2266E64D3B /* EntityInfo.generated.swift in Sources */ = {isa = PBXBuildFile; fileRef = 80547D303D397ABE0D1FD523 /* EntityInfo.generated.swift */; };
		C4A63B862328D96CB698A9FF /* Pods_Play_ObjectBox.framework in Frameworks */ = {isa = PBXBuildFile; fileRef = 612081998CCF76F39116F653 /* Pods_Play_ObjectBox.framework */; };
/* End PBXBuildFile section */

/* Begin PBXFileReference section */
		4B2A435021A5AF90002A4525 /* Play.ObjectBox.app */ = {isa = PBXFileReference; explicitFileType = wrapper.application; includeInIndex = 0; path = Play.ObjectBox.app; sourceTree = BUILT_PRODUCTS_DIR; };
		4B2A435321A5AF90002A4525 /* AppDelegate.swift */ = {isa = PBXFileReference; lastKnownFileType = sourcecode.swift; path = AppDelegate.swift; sourceTree = "<group>"; };
		4B2A435521A5AF90002A4525 /* ViewController.swift */ = {isa = PBXFileReference; lastKnownFileType = sourcecode.swift; path = ViewController.swift; sourceTree = "<group>"; };
		4B2A435821A5AF90002A4525 /* Base */ = {isa = PBXFileReference; lastKnownFileType = file.storyboard; name = Base; path = Base.lproj/Main.storyboard; sourceTree = "<group>"; };
		4B2A435A21A5AF93002A4525 /* Assets.xcassets */ = {isa = PBXFileReference; lastKnownFileType = folder.assetcatalog; path = Assets.xcassets; sourceTree = "<group>"; };
		4B2A435D21A5AF93002A4525 /* Base */ = {isa = PBXFileReference; lastKnownFileType = file.storyboard; name = Base; path = Base.lproj/LaunchScreen.storyboard; sourceTree = "<group>"; };
		4B2A435F21A5AF93002A4525 /* Info.plist */ = {isa = PBXFileReference; lastKnownFileType = text.plist.xml; path = Info.plist; sourceTree = "<group>"; };
		4B60950CC229225CB633BCC5 /* Pods-Play.ObjectBox.release.xcconfig */ = {isa = PBXFileReference; includeInIndex = 1; lastKnownFileType = text.xcconfig; name = "Pods-Play.ObjectBox.release.xcconfig"; path = "Target Support Files/Pods-Play.ObjectBox/Pods-Play.ObjectBox.release.xcconfig"; sourceTree = "<group>"; };
		55DDC38B0C0658B08B95A728 /* Pods-Play.ObjectBox.debug.xcconfig */ = {isa = PBXFileReference; includeInIndex = 1; lastKnownFileType = text.xcconfig; name = "Pods-Play.ObjectBox.debug.xcconfig"; path = "Target Support Files/Pods-Play.ObjectBox/Pods-Play.ObjectBox.debug.xcconfig"; sourceTree = "<group>"; };
		612081998CCF76F39116F653 /* Pods_Play_ObjectBox.framework */ = {isa = PBXFileReference; explicitFileType = wrapper.framework; includeInIndex = 0; path = Pods_Play_ObjectBox.framework; sourceTree = BUILT_PRODUCTS_DIR; };
		80547D303D397ABE0D1FD523 /* EntityInfo.generated.swift */ = {isa = PBXFileReference; includeInIndex = 1; lastKnownFileType = sourcecode.swift; path = EntityInfo.generated.swift; sourceTree = "<group>"; };
/* End PBXFileReference section */

/* Begin PBXFrameworksBuildPhase section */
		4B2A434D21A5AF90002A4525 /* Frameworks */ = {
			isa = PBXFrameworksBuildPhase;
			buildActionMask = 2147483647;
			files = (
				C4A63B862328D96CB698A9FF /* Pods_Play_ObjectBox.framework in Frameworks */,
			);
			runOnlyForDeploymentPostprocessing = 0;
		};
/* End PBXFrameworksBuildPhase section */

/* Begin PBXGroup section */
		3AC0E31C2E884D16947B7134 /* Pods */ = {
			isa = PBXGroup;
			children = (
				55DDC38B0C0658B08B95A728 /* Pods-Play.ObjectBox.debug.xcconfig */,
				4B60950CC229225CB633BCC5 /* Pods-Play.ObjectBox.release.xcconfig */,
			);
			path = Pods;
			sourceTree = "<group>";
		};
		4B2A434721A5AF90002A4525 = {
			isa = PBXGroup;
			children = (
				4B2A435221A5AF90002A4525 /* Play.ObjectBox */,
				DCB15DA3FFAB93B8A85CA469 /* generated */,
				4B2A435121A5AF90002A4525 /* Products */,
				3AC0E31C2E884D16947B7134 /* Pods */,
				7A50AF0565328BA8762B1BC2 /* Frameworks */,
			);
			sourceTree = "<group>";
		};
		4B2A435121A5AF90002A4525 /* Products */ = {
			isa = PBXGroup;
			children = (
				4B2A435021A5AF90002A4525 /* Play.ObjectBox.app */,
			);
			name = Products;
			sourceTree = "<group>";
		};
		4B2A435221A5AF90002A4525 /* Play.ObjectBox */ = {
			isa = PBXGroup;
			children = (
				4B2A435321A5AF90002A4525 /* AppDelegate.swift */,
				4B2A435521A5AF90002A4525 /* ViewController.swift */,
				4B2A435721A5AF90002A4525 /* Main.storyboard */,
				4B2A435A21A5AF93002A4525 /* Assets.xcassets */,
				4B2A435C21A5AF93002A4525 /* LaunchScreen.storyboard */,
				4B2A435F21A5AF93002A4525 /* Info.plist */,
			);
			path = Play.ObjectBox;
			sourceTree = "<group>";
		};
		7A50AF0565328BA8762B1BC2 /* Frameworks */ = {
			isa = PBXGroup;
			children = (
				612081998CCF76F39116F653 /* Pods_Play_ObjectBox.framework */,
			);
			name = Frameworks;
			sourceTree = "<group>";
		};
		DCB15DA3FFAB93B8A85CA469 /* generated */ = {
			isa = PBXGroup;
			children = (
				80547D303D397ABE0D1FD523 /* EntityInfo.generated.swift */,
			);
			path = generated;
			sourceTree = "<group>";
		};
/* End PBXGroup section */

/* Begin PBXNativeTarget section */
		4B2A434F21A5AF90002A4525 /* Play.ObjectBox */ = {
			isa = PBXNativeTarget;
			buildConfigurationList = 4B2A436221A5AF93002A4525 /* Build configuration list for PBXNativeTarget "Play.ObjectBox" */;
			buildPhases = (
				08EEE1BAD2CB925C7C1AEB98 /* [CP] Check Pods Manifest.lock */,
				08154892C8F3E279AE46532D /* [OBX] Update Sourcery Generated Files */,
				4B2A434C21A5AF90002A4525 /* Sources */,
				4B2A434D21A5AF90002A4525 /* Frameworks */,
				4B2A434E21A5AF90002A4525 /* Resources */,
				AE8F087BFB5E342ECD86E592 /* [CP] Embed Pods Frameworks */,
			);
			buildRules = (
			);
			dependencies = (
			);
			name = Play.ObjectBox;
			productName = Play.ObjectBox;
			productReference = 4B2A435021A5AF90002A4525 /* Play.ObjectBox.app */;
			productType = "com.apple.product-type.application";
		};
/* End PBXNativeTarget section */

/* Begin PBXProject section */
		4B2A434821A5AF90002A4525 /* Project object */ = {
			isa = PBXProject;
			attributes = {
				LastSwiftUpdateCheck = 1010;
				LastUpgradeCheck = 1010;
				ORGANIZATIONNAME = muukii;
				TargetAttributes = {
					4B2A434F21A5AF90002A4525 = {
						CreatedOnToolsVersion = 10.1;
					};
				};
			};
			buildConfigurationList = 4B2A434B21A5AF90002A4525 /* Build configuration list for PBXProject "Play.ObjectBox" */;
			compatibilityVersion = "Xcode 9.3";
			developmentRegion = en;
			hasScannedForEncodings = 0;
			knownRegions = (
				en,
				Base,
			);
			mainGroup = 4B2A434721A5AF90002A4525;
			productRefGroup = 4B2A435121A5AF90002A4525 /* Products */;
			projectDirPath = "";
			projectRoot = "";
			targets = (
				4B2A434F21A5AF90002A4525 /* Play.ObjectBox */,
			);
		};
/* End PBXProject section */

/* Begin PBXResourcesBuildPhase section */
		4B2A434E21A5AF90002A4525 /* Resources */ = {
			isa = PBXResourcesBuildPhase;
			buildActionMask = 2147483647;
			files = (
				4B2A435E21A5AF93002A4525 /* LaunchScreen.storyboard in Resources */,
				4B2A435B21A5AF93002A4525 /* Assets.xcassets in Resources */,
				4B2A435921A5AF90002A4525 /* Main.storyboard in Resources */,
			);
			runOnlyForDeploymentPostprocessing = 0;
		};
/* End PBXResourcesBuildPhase section */

/* Begin PBXShellScriptBuildPhase section */
		08154892C8F3E279AE46532D /* [OBX] Update Sourcery Generated Files */ = {
			isa = PBXShellScriptBuildPhase;
			buildActionMask = 2147483647;
			files = (
			);
			inputFileListPaths = (
			);
			inputPaths = (
			);
			name = "[OBX] Update Sourcery Generated Files";
			outputFileListPaths = (
			);
			outputPaths = (
			);
			runOnlyForDeploymentPostprocessing = 0;
			shellPath = /bin/sh;
			shellScript = "\"$PODS_ROOT/ObjectBox/generate_sources.sh\" \"Play.ObjectBox\"\n";
		};
		08EEE1BAD2CB925C7C1AEB98 /* [CP] Check Pods Manifest.lock */ = {
			isa = PBXShellScriptBuildPhase;
			buildActionMask = 2147483647;
			files = (
			);
			inputFileListPaths = (
			);
			inputPaths = (
				"${PODS_PODFILE_DIR_PATH}/Podfile.lock",
				"${PODS_ROOT}/Manifest.lock",
			);
			name = "[CP] Check Pods Manifest.lock";
			outputFileListPaths = (
			);
			outputPaths = (
				"$(DERIVED_FILE_DIR)/Pods-Play.ObjectBox-checkManifestLockResult.txt",
			);
			runOnlyForDeploymentPostprocessing = 0;
			shellPath = /bin/sh;
			shellScript = "diff \"${PODS_PODFILE_DIR_PATH}/Podfile.lock\" \"${PODS_ROOT}/Manifest.lock\" > /dev/null\nif [ $? != 0 ] ; then\n    # print error to STDERR\n    echo \"error: The sandbox is not in sync with the Podfile.lock. Run 'pod install' or update your CocoaPods installation.\" >&2\n    exit 1\nfi\n# This output is used by Xcode 'outputs' to avoid re-running this script phase.\necho \"SUCCESS\" > \"${SCRIPT_OUTPUT_FILE_0}\"\n";
			showEnvVarsInLog = 0;
		};
		AE8F087BFB5E342ECD86E592 /* [CP] Embed Pods Frameworks */ = {
			isa = PBXShellScriptBuildPhase;
			buildActionMask = 2147483647;
			files = (
			);
			inputFileListPaths = (
			);
			inputPaths = (
				"${PODS_ROOT}/Target Support Files/Pods-Play.ObjectBox/Pods-Play.ObjectBox-frameworks.sh",
				"${PODS_ROOT}/ObjectBox/Carthage/Build/iOS/ObjectBox.framework",
			);
			name = "[CP] Embed Pods Frameworks";
			outputFileListPaths = (
			);
			outputPaths = (
				"${TARGET_BUILD_DIR}/${FRAMEWORKS_FOLDER_PATH}/ObjectBox.framework",
			);
			runOnlyForDeploymentPostprocessing = 0;
			shellPath = /bin/sh;
			shellScript = "\"${PODS_ROOT}/Target Support Files/Pods-Play.ObjectBox/Pods-Play.ObjectBox-frameworks.sh\"\n";
			showEnvVarsInLog = 0;
		};
/* End PBXShellScriptBuildPhase section */

/* Begin PBXSourcesBuildPhase section */
		4B2A434C21A5AF90002A4525 /* Sources */ = {
			isa = PBXSourcesBuildPhase;
			buildActionMask = 2147483647;
			files = (
				4B2A435621A5AF90002A4525 /* ViewController.swift in Sources */,
				4B2A435421A5AF90002A4525 /* AppDelegate.swift in Sources */,
				B288A327B001AE2266E64D3B /* EntityInfo.generated.swift in Sources */,
			);
			runOnlyForDeploymentPostprocessing = 0;
		};
/* End PBXSourcesBuildPhase section */

/* Begin PBXVariantGroup section */
		4B2A435721A5AF90002A4525 /* Main.storyboard */ = {
			isa = PBXVariantGroup;
			children = (
				4B2A435821A5AF90002A4525 /* Base */,
			);
			name = Main.storyboard;
			sourceTree = "<group>";
		};
		4B2A435C21A5AF93002A4525 /* LaunchScreen.storyboard */ = {
			isa = PBXVariantGroup;
			children = (
				4B2A435D21A5AF93002A4525 /* Base */,
			);
			name = LaunchScreen.storyboard;
			sourceTree = "<group>";
		};
/* End PBXVariantGroup section */

/* Begin XCBuildConfiguration section */
		4B2A436021A5AF93002A4525 /* Debug */ = {
			isa = XCBuildConfiguration;
			buildSettings = {
				ALWAYS_SEARCH_USER_PATHS = NO;
				CLANG_ANALYZER_NONNULL = YES;
				CLANG_ANALYZER_NUMBER_OBJECT_CONVERSION = YES_AGGRESSIVE;
				CLANG_CXX_LANGUAGE_STANDARD = "gnu++14";
				CLANG_CXX_LIBRARY = "libc++";
				CLANG_ENABLE_MODULES = YES;
				CLANG_ENABLE_OBJC_ARC = YES;
				CLANG_ENABLE_OBJC_WEAK = YES;
				CLANG_WARN_BLOCK_CAPTURE_AUTORELEASING = YES;
				CLANG_WARN_BOOL_CONVERSION = YES;
				CLANG_WARN_COMMA = YES;
				CLANG_WARN_CONSTANT_CONVERSION = YES;
				CLANG_WARN_DEPRECATED_OBJC_IMPLEMENTATIONS = YES;
				CLANG_WARN_DIRECT_OBJC_ISA_USAGE = YES_ERROR;
				CLANG_WARN_DOCUMENTATION_COMMENTS = YES;
				CLANG_WARN_EMPTY_BODY = YES;
				CLANG_WARN_ENUM_CONVERSION = YES;
				CLANG_WARN_INFINITE_RECURSION = YES;
				CLANG_WARN_INT_CONVERSION = YES;
				CLANG_WARN_NON_LITERAL_NULL_CONVERSION = YES;
				CLANG_WARN_OBJC_IMPLICIT_RETAIN_SELF = YES;
				CLANG_WARN_OBJC_LITERAL_CONVERSION = YES;
				CLANG_WARN_OBJC_ROOT_CLASS = YES_ERROR;
				CLANG_WARN_RANGE_LOOP_ANALYSIS = YES;
				CLANG_WARN_STRICT_PROTOTYPES = YES;
				CLANG_WARN_SUSPICIOUS_MOVE = YES;
				CLANG_WARN_UNGUARDED_AVAILABILITY = YES_AGGRESSIVE;
				CLANG_WARN_UNREACHABLE_CODE = YES;
				CLANG_WARN__DUPLICATE_METHOD_MATCH = YES;
				CODE_SIGN_IDENTITY = "iPhone Developer";
				COPY_PHASE_STRIP = NO;
				DEBUG_INFORMATION_FORMAT = dwarf;
				ENABLE_STRICT_OBJC_MSGSEND = YES;
				ENABLE_TESTABILITY = YES;
				GCC_C_LANGUAGE_STANDARD = gnu11;
				GCC_DYNAMIC_NO_PIC = NO;
				GCC_NO_COMMON_BLOCKS = YES;
				GCC_OPTIMIZATION_LEVEL = 0;
				GCC_PREPROCESSOR_DEFINITIONS = (
					"DEBUG=1",
					"$(inherited)",
				);
				GCC_WARN_64_TO_32_BIT_CONVERSION = YES;
				GCC_WARN_ABOUT_RETURN_TYPE = YES_ERROR;
				GCC_WARN_UNDECLARED_SELECTOR = YES;
				GCC_WARN_UNINITIALIZED_AUTOS = YES_AGGRESSIVE;
				GCC_WARN_UNUSED_FUNCTION = YES;
				GCC_WARN_UNUSED_VARIABLE = YES;
				IPHONEOS_DEPLOYMENT_TARGET = 12.1;
				MTL_ENABLE_DEBUG_INFO = INCLUDE_SOURCE;
				MTL_FAST_MATH = YES;
				ONLY_ACTIVE_ARCH = YES;
				SDKROOT = iphoneos;
				SWIFT_ACTIVE_COMPILATION_CONDITIONS = DEBUG;
				SWIFT_OPTIMIZATION_LEVEL = "-Onone";
			};
			name = Debug;
		};
		4B2A436121A5AF93002A4525 /* Release */ = {
			isa = XCBuildConfiguration;
			buildSettings = {
				ALWAYS_SEARCH_USER_PATHS = NO;
				CLANG_ANALYZER_NONNULL = YES;
				CLANG_ANALYZER_NUMBER_OBJECT_CONVERSION = YES_AGGRESSIVE;
				CLANG_CXX_LANGUAGE_STANDARD = "gnu++14";
				CLANG_CXX_LIBRARY = "libc++";
				CLANG_ENABLE_MODULES = YES;
				CLANG_ENABLE_OBJC_ARC = YES;
				CLANG_ENABLE_OBJC_WEAK = YES;
				CLANG_WARN_BLOCK_CAPTURE_AUTORELEASING = YES;
				CLANG_WARN_BOOL_CONVERSION = YES;
				CLANG_WARN_COMMA = YES;
				CLANG_WARN_CONSTANT_CONVERSION = YES;
				CLANG_WARN_DEPRECATED_OBJC_IMPLEMENTATIONS = YES;
				CLANG_WARN_DIRECT_OBJC_ISA_USAGE = YES_ERROR;
				CLANG_WARN_DOCUMENTATION_COMMENTS = YES;
				CLANG_WARN_EMPTY_BODY = YES;
				CLANG_WARN_ENUM_CONVERSION = YES;
				CLANG_WARN_INFINITE_RECURSION = YES;
				CLANG_WARN_INT_CONVERSION = YES;
				CLANG_WARN_NON_LITERAL_NULL_CONVERSION = YES;
				CLANG_WARN_OBJC_IMPLICIT_RETAIN_SELF = YES;
				CLANG_WARN_OBJC_LITERAL_CONVERSION = YES;
				CLANG_WARN_OBJC_ROOT_CLASS = YES_ERROR;
				CLANG_WARN_RANGE_LOOP_ANALYSIS = YES;
				CLANG_WARN_STRICT_PROTOTYPES = YES;
				CLANG_WARN_SUSPICIOUS_MOVE = YES;
				CLANG_WARN_UNGUARDED_AVAILABILITY = YES_AGGRESSIVE;
				CLANG_WARN_UNREACHABLE_CODE = YES;
				CLANG_WARN__DUPLICATE_METHOD_MATCH = YES;
				CODE_SIGN_IDENTITY = "iPhone Developer";
				COPY_PHASE_STRIP = NO;
				DEBUG_INFORMATION_FORMAT = "dwarf-with-dsym";
				ENABLE_NS_ASSERTIONS = NO;
				ENABLE_STRICT_OBJC_MSGSEND = YES;
				GCC_C_LANGUAGE_STANDARD = gnu11;
				GCC_NO_COMMON_BLOCKS = YES;
				GCC_WARN_64_TO_32_BIT_CONVERSION = YES;
				GCC_WARN_ABOUT_RETURN_TYPE = YES_ERROR;
				GCC_WARN_UNDECLARED_SELECTOR = YES;
				GCC_WARN_UNINITIALIZED_AUTOS = YES_AGGRESSIVE;
				GCC_WARN_UNUSED_FUNCTION = YES;
				GCC_WARN_UNUSED_VARIABLE = YES;
				IPHONEOS_DEPLOYMENT_TARGET = 12.1;
				MTL_ENABLE_DEBUG_INFO = NO;
				MTL_FAST_MATH = YES;
				SDKROOT = iphoneos;
				SWIFT_COMPILATION_MODE = wholemodule;
				SWIFT_OPTIMIZATION_LEVEL = "-O";
				VALIDATE_PRODUCT = YES;
			};
			name = Release;
		};
		4B2A436321A5AF93002A4525 /* Debug */ = {
			isa = XCBuildConfiguration;
			baseConfigurationReference = 55DDC38B0C0658B08B95A728 /* Pods-Play.ObjectBox.debug.xcconfig */;
			buildSettings = {
				ASSETCATALOG_COMPILER_APPICON_NAME = AppIcon;
				CODE_SIGN_STYLE = Automatic;
				INFOPLIST_FILE = Play.ObjectBox/Info.plist;
				LD_RUNPATH_SEARCH_PATHS = (
					"$(inherited)",
					"@executable_path/Frameworks",
				);
				PRODUCT_BUNDLE_IDENTIFIER = "me.muukii.Play-ObjectBox";
				PRODUCT_NAME = "$(TARGET_NAME)";
				SWIFT_VERSION = 4.2;
				TARGETED_DEVICE_FAMILY = "1,2";
			};
			name = Debug;
		};
		4B2A436421A5AF93002A4525 /* Release */ = {
			isa = XCBuildConfiguration;
			baseConfigurationReference = 4B60950CC229225CB633BCC5 /* Pods-Play.ObjectBox.release.xcconfig */;
			buildSettings = {
				ASSETCATALOG_COMPILER_APPICON_NAME = AppIcon;
				CODE_SIGN_STYLE = Automatic;
				INFOPLIST_FILE = Play.ObjectBox/Info.plist;
				LD_RUNPATH_SEARCH_PATHS = (
					"$(inherited)",
					"@executable_path/Frameworks",
				);
				PRODUCT_BUNDLE_IDENTIFIER = "me.muukii.Play-ObjectBox";
				PRODUCT_NAME = "$(TARGET_NAME)";
				SWIFT_VERSION = 4.2;
				TARGETED_DEVICE_FAMILY = "1,2";
			};
			name = Release;
		};
/* End XCBuildConfiguration section */

/* Begin XCConfigurationList section */
		4B2A434B21A5AF90002A4525 /* Build configuration list for PBXProject "Play.ObjectBox" */ = {
			isa = XCConfigurationList;
			buildConfigurations = (
				4B2A436021A5AF93002A4525 /* Debug */,
				4B2A436121A5AF93002A4525 /* Release */,
			);
			defaultConfigurationIsVisible = 0;
			defaultConfigurationName = Release;
		};
		4B2A436221A5AF93002A4525 /* Build configuration list for PBXNativeTarget "Play.ObjectBox" */ = {
			isa = XCConfigurationList;
			buildConfigurations = (
				4B2A436321A5AF93002A4525 /* Debug */,
				4B2A436421A5AF93002A4525 /* Release */,
			);
			defaultConfigurationIsVisible = 0;
			defaultConfigurationName = Release;
		};
/* End XCConfigurationList section */
	};
	rootObject = 4B2A434821A5AF90002A4525 /* Project object */;
}
